// !$*UTF8*$!
{
	archiveVersion = 1;
	classes = {
	};
	objectVersion = 46;
	objects = {

/* Begin PBXBuildFile section */
		3816926C145353E900E42A7A /* StoreDetailsViewController.m in Sources */ = {isa = PBXBuildFile; fileRef = 3816926A145353E900E42A7A /* StoreDetailsViewController.m */; };
		3816926D145353E900E42A7A /* StoreDetailsViewController.xib in Resources */ = {isa = PBXBuildFile; fileRef = 3816926B145353E900E42A7A /* StoreDetailsViewController.xib */; };
		383824A1145C5B1500C459E6 /* User.m in Sources */ = {isa = PBXBuildFile; fileRef = 383824A0145C5B1500C459E6 /* User.m */; };
		383824BC145CB89400C459E6 /* no_image.png in Resources */ = {isa = PBXBuildFile; fileRef = 383824BB145CB89400C459E6 /* no_image.png */; };
		383824BF145CB9AE00C459E6 /* ImageUtils.m in Sources */ = {isa = PBXBuildFile; fileRef = 383824BE145CB9AE00C459E6 /* ImageUtils.m */; };
		383824EA145F385C00C459E6 /* OrderProductViewController.m in Sources */ = {isa = PBXBuildFile; fileRef = 383824E8145F385C00C459E6 /* OrderProductViewController.m */; };
		383824EB145F385C00C459E6 /* OrderProductViewController.xib in Resources */ = {isa = PBXBuildFile; fileRef = 383824E9145F385C00C459E6 /* OrderProductViewController.xib */; };
		383824F21460E59000C459E6 /* OrderService.m in Sources */ = {isa = PBXBuildFile; fileRef = 383824F11460E59000C459E6 /* OrderService.m */; };
		383824F51460E68D00C459E6 /* Order.m in Sources */ = {isa = PBXBuildFile; fileRef = 383824F41460E68D00C459E6 /* Order.m */; };
		383824F71462D8C500C459E6 /* OrderDetailsTableCell.xib in Resources */ = {isa = PBXBuildFile; fileRef = 383824F61462D8C400C459E6 /* OrderDetailsTableCell.xib */; };
		383824FA1462EDFE00C459E6 /* OrderProduct.m in Sources */ = {isa = PBXBuildFile; fileRef = 383824F91462EDFE00C459E6 /* OrderProduct.m */; };
		3864BCB31479C7E100F5AA62 /* StoreAccessViewController.m in Sources */ = {isa = PBXBuildFile; fileRef = 3864BCB11479C7E100F5AA62 /* StoreAccessViewController.m */; };
		3864BCB41479C7E100F5AA62 /* StoreAccessViewController.xib in Resources */ = {isa = PBXBuildFile; fileRef = 3864BCB21479C7E100F5AA62 /* StoreAccessViewController.xib */; };
		3864BCB91479CDD500F5AA62 /* Textures 78.jpg in Resources */ = {isa = PBXBuildFile; fileRef = 3864BCB71479CDD500F5AA62 /* Textures 78.jpg */; };
		3864BCBB1479EEB500F5AA62 /* padlock.png in Resources */ = {isa = PBXBuildFile; fileRef = 3864BCBA1479EEB500F5AA62 /* padlock.png */; };
		386D48C5147F08F3005340AC /* StoreContainerViewController.m in Sources */ = {isa = PBXBuildFile; fileRef = 386D48C3147F08F3005340AC /* StoreContainerViewController.m */; };
		386D48C6147F08F3005340AC /* StoreContainerViewController.xib in Resources */ = {isa = PBXBuildFile; fileRef = 386D48C4147F08F3005340AC /* StoreContainerViewController.xib */; };
		386D48C9147F21D2005340AC /* ImageDownloader.m in Sources */ = {isa = PBXBuildFile; fileRef = 386D48C8147F21D1005340AC /* ImageDownloader.m */; };
		386D48CC147F220B005340AC /* NSObjectWithImage.m in Sources */ = {isa = PBXBuildFile; fileRef = 386D48CB147F220B005340AC /* NSObjectWithImage.m */; };
		386D48CE14803782005340AC /* OrderTotalTableCell.xib in Resources */ = {isa = PBXBuildFile; fileRef = 386D48CD14803782005340AC /* OrderTotalTableCell.xib */; };
		386D48D0148162D5005340AC /* OrderEmptyProductsTableCell.xib in Resources */ = {isa = PBXBuildFile; fileRef = 386D48CF148162D5005340AC /* OrderEmptyProductsTableCell.xib */; };
		38C5ACCC144FD4E600F23CB8 /* libRestKitCoreData.a in Frameworks */ = {isa = PBXBuildFile; fileRef = 38C5ACC5144FD4C800F23CB8 /* libRestKitCoreData.a */; };
		38C5ACCD144FD4E600F23CB8 /* libRestKitJSONParserJSONKit.a in Frameworks */ = {isa = PBXBuildFile; fileRef = 38C5ACC1144FD4C800F23CB8 /* libRestKitJSONParserJSONKit.a */; };
		38C5ACCE144FD4E600F23CB8 /* libRestKitNetwork.a in Frameworks */ = {isa = PBXBuildFile; fileRef = 38C5ACB5144FD4C800F23CB8 /* libRestKitNetwork.a */; };
		38C5ACCF144FD4E600F23CB8 /* libRestKitObjectMapping.a in Frameworks */ = {isa = PBXBuildFile; fileRef = 38C5ACB7144FD4C800F23CB8 /* libRestKitObjectMapping.a */; };
		38C5ACD0144FD4E600F23CB8 /* libRestKitSupport.a in Frameworks */ = {isa = PBXBuildFile; fileRef = 38C5ACB9144FD4C800F23CB8 /* libRestKitSupport.a */; };
		38C5ACD6144FD4E600F23CB8 /* CFNetwork.framework in Frameworks */ = {isa = PBXBuildFile; fileRef = 38C5ACD1144FD4E600F23CB8 /* CFNetwork.framework */; };
		38C5ACD7144FD4E600F23CB8 /* CoreData.framework in Frameworks */ = {isa = PBXBuildFile; fileRef = 38C5ACD2144FD4E600F23CB8 /* CoreData.framework */; };
		38C5ACD8144FD4E600F23CB8 /* libxml2.dylib in Frameworks */ = {isa = PBXBuildFile; fileRef = 38C5ACD3144FD4E600F23CB8 /* libxml2.dylib */; };
		38C5ACD9144FD4E600F23CB8 /* MobileCoreServices.framework in Frameworks */ = {isa = PBXBuildFile; fileRef = 38C5ACD4144FD4E600F23CB8 /* MobileCoreServices.framework */; };
		38C5ACDA144FD4E600F23CB8 /* SystemConfiguration.framework in Frameworks */ = {isa = PBXBuildFile; fileRef = 38C5ACD5144FD4E600F23CB8 /* SystemConfiguration.framework */; };
		38C5ACE1144FD57B00F23CB8 /* Store.m in Sources */ = {isa = PBXBuildFile; fileRef = 38C5ACE0144FD57B00F23CB8 /* Store.m */; };
		38C5ACE4144FD58700F23CB8 /* StoreService.m in Sources */ = {isa = PBXBuildFile; fileRef = 38C5ACE3144FD58700F23CB8 /* StoreService.m */; };
		38C5ACE7144FD59200F23CB8 /* ReachabilityService.m in Sources */ = {isa = PBXBuildFile; fileRef = 38C5ACE6144FD59200F23CB8 /* ReachabilityService.m */; };
		38C5ACEA144FD59B00F23CB8 /* StringUtils.m in Sources */ = {isa = PBXBuildFile; fileRef = 38C5ACE9144FD59B00F23CB8 /* StringUtils.m */; };
		38C5ACEF144FD72300F23CB8 /* StoreSearchViewController.m in Sources */ = {isa = PBXBuildFile; fileRef = 38C5ACED144FD72300F23CB8 /* StoreSearchViewController.m */; };
		38C5ACF0144FD72300F23CB8 /* StoreSearchViewController.xib in Resources */ = {isa = PBXBuildFile; fileRef = 38C5ACEE144FD72300F23CB8 /* StoreSearchViewController.xib */; };
		38CD651D1449163600B33631 /* UIKit.framework in Frameworks */ = {isa = PBXBuildFile; fileRef = 38CD651C1449163600B33631 /* UIKit.framework */; };
		38CD651F1449163600B33631 /* Foundation.framework in Frameworks */ = {isa = PBXBuildFile; fileRef = 38CD651E1449163600B33631 /* Foundation.framework */; };
		38CD65211449163600B33631 /* CoreGraphics.framework in Frameworks */ = {isa = PBXBuildFile; fileRef = 38CD65201449163600B33631 /* CoreGraphics.framework */; };
		38CD65271449163600B33631 /* InfoPlist.strings in Resources */ = {isa = PBXBuildFile; fileRef = 38CD65251449163600B33631 /* InfoPlist.strings */; };
		38CD65291449163600B33631 /* main.m in Sources */ = {isa = PBXBuildFile; fileRef = 38CD65281449163600B33631 /* main.m */; };
		38CD652D1449163600B33631 /* eo_mobile_iphoneAppDelegate.m in Sources */ = {isa = PBXBuildFile; fileRef = 38CD652C1449163600B33631 /* eo_mobile_iphoneAppDelegate.m */; };
		38CD65301449163600B33631 /* MainWindow.xib in Resources */ = {isa = PBXBuildFile; fileRef = 38CD652E1449163600B33631 /* MainWindow.xib */; };
		38CD653E1449163700B33631 /* SenTestingKit.framework in Frameworks */ = {isa = PBXBuildFile; fileRef = 38CD653D1449163600B33631 /* SenTestingKit.framework */; };
		38CD653F1449163700B33631 /* UIKit.framework in Frameworks */ = {isa = PBXBuildFile; fileRef = 38CD651C1449163600B33631 /* UIKit.framework */; };
		38CD65401449163700B33631 /* Foundation.framework in Frameworks */ = {isa = PBXBuildFile; fileRef = 38CD651E1449163600B33631 /* Foundation.framework */; };
		38CD65411449163700B33631 /* CoreGraphics.framework in Frameworks */ = {isa = PBXBuildFile; fileRef = 38CD65201449163600B33631 /* CoreGraphics.framework */; };
		38CD65491449163700B33631 /* InfoPlist.strings in Resources */ = {isa = PBXBuildFile; fileRef = 38CD65471449163700B33631 /* InfoPlist.strings */; };
		38CD654B1449163700B33631 /* eo_mobile_iphoneTests.h in Resources */ = {isa = PBXBuildFile; fileRef = 38CD654A1449163700B33631 /* eo_mobile_iphoneTests.h */; };
		38CD654D1449163700B33631 /* eo_mobile_iphoneTests.m in Sources */ = {isa = PBXBuildFile; fileRef = 38CD654C1449163700B33631 /* eo_mobile_iphoneTests.m */; };
		38DCB38014562B220042F8FE /* ProductListViewController.m in Sources */ = {isa = PBXBuildFile; fileRef = 38DCB37E14562B220042F8FE /* ProductListViewController.m */; };
		38DCB38114562B220042F8FE /* ProductListViewController.xib in Resources */ = {isa = PBXBuildFile; fileRef = 38DCB37F14562B220042F8FE /* ProductListViewController.xib */; };
		38DCB38614562B5E0042F8FE /* ProductDetailsViewController.m in Sources */ = {isa = PBXBuildFile; fileRef = 38DCB38414562B5E0042F8FE /* ProductDetailsViewController.m */; };
		38DCB38714562B5E0042F8FE /* ProductDetailsViewController.xib in Resources */ = {isa = PBXBuildFile; fileRef = 38DCB38514562B5E0042F8FE /* ProductDetailsViewController.xib */; };
		38DCB38D14562EB70042F8FE /* SigninViewController.m in Sources */ = {isa = PBXBuildFile; fileRef = 38DCB38B14562EB70042F8FE /* SigninViewController.m */; };
		38DCB38E14562EB70042F8FE /* SigninViewController.xib in Resources */ = {isa = PBXBuildFile; fileRef = 38DCB38C14562EB70042F8FE /* SigninViewController.xib */; };
		38DCB39214562EE30042F8FE /* SignupViewController.m in Sources */ = {isa = PBXBuildFile; fileRef = 38DCB39014562EE30042F8FE /* SignupViewController.m */; };
		38DCB39314562EE30042F8FE /* SignupViewController.xib in Resources */ = {isa = PBXBuildFile; fileRef = 38DCB39114562EE30042F8FE /* SignupViewController.xib */; };
		38DCB39914562F590042F8FE /* OrderDetailsViewController.m in Sources */ = {isa = PBXBuildFile; fileRef = 38DCB39714562F590042F8FE /* OrderDetailsViewController.m */; };
		38DCB39A14562F590042F8FE /* OrderDetailsViewController.xib in Resources */ = {isa = PBXBuildFile; fileRef = 38DCB39814562F590042F8FE /* OrderDetailsViewController.xib */; };
		38DCB39E145630E50042F8FE /* CategoryListViewController.m in Sources */ = {isa = PBXBuildFile; fileRef = 38DCB39C145630E50042F8FE /* CategoryListViewController.m */; };
		38DCB39F145630E50042F8FE /* CategoryListViewController.xib in Resources */ = {isa = PBXBuildFile; fileRef = 38DCB39D145630E50042F8FE /* CategoryListViewController.xib */; };
		38DCB3A1145638750042F8FE /* ProductListTableCell.xib in Resources */ = {isa = PBXBuildFile; fileRef = 38DCB3A0145638750042F8FE /* ProductListTableCell.xib */; };
		38DCB3A414563C110042F8FE /* ProductService.m in Sources */ = {isa = PBXBuildFile; fileRef = 38DCB3A314563C110042F8FE /* ProductService.m */; };
		38DCB3A7145647E70042F8FE /* Product.m in Sources */ = {isa = PBXBuildFile; fileRef = 38DCB3A6145647E70042F8FE /* Product.m */; };
		38DCB3AF1457AC330042F8FE /* LoginService.m in Sources */ = {isa = PBXBuildFile; fileRef = 38DCB3AE1457AC310042F8FE /* LoginService.m */; };
/* End PBXBuildFile section */

/* Begin PBXContainerItemProxy section */
		38C5ACB4144FD4C800F23CB8 /* PBXContainerItemProxy */ = {
			isa = PBXContainerItemProxy;
			containerPortal = 38C5ACA0144FD4C800F23CB8 /* RestKit.xcodeproj */;
			proxyType = 2;
			remoteGlobalIDString = 253A07FC1255161B00976E89;
			remoteInfo = RestKitNetwork;
		};
		38C5ACB6144FD4C800F23CB8 /* PBXContainerItemProxy */ = {
			isa = PBXContainerItemProxy;
			containerPortal = 38C5ACA0144FD4C800F23CB8 /* RestKit.xcodeproj */;
			proxyType = 2;
			remoteGlobalIDString = 253A08031255162C00976E89;
			remoteInfo = RestKitObjectMapping;
		};
		38C5ACB8144FD4C800F23CB8 /* PBXContainerItemProxy */ = {
			isa = PBXContainerItemProxy;
			containerPortal = 38C5ACA0144FD4C800F23CB8 /* RestKit.xcodeproj */;
			proxyType = 2;
			remoteGlobalIDString = 253A080C12551D3000976E89;
			remoteInfo = RestKitSupport;
		};
		38C5ACBA144FD4C800F23CB8 /* PBXContainerItemProxy */ = {
			isa = PBXContainerItemProxy;
			containerPortal = 38C5ACA0144FD4C800F23CB8 /* RestKit.xcodeproj */;
			proxyType = 2;
			remoteGlobalIDString = 20808DBD13DE8CDC000A156A;
			remoteInfo = "RestKitJSONParser+NXJSON";
		};
		38C5ACBC144FD4C800F23CB8 /* PBXContainerItemProxy */ = {
			isa = PBXContainerItemProxy;
			containerPortal = 38C5ACA0144FD4C800F23CB8 /* RestKit.xcodeproj */;
			proxyType = 2;
			remoteGlobalIDString = 2590E64F125231F600531FA8;
			remoteInfo = "RestKitJSONParser+YAJL";
		};
		38C5ACBE144FD4C800F23CB8 /* PBXContainerItemProxy */ = {
			isa = PBXContainerItemProxy;
			containerPortal = 38C5ACA0144FD4C800F23CB8 /* RestKit.xcodeproj */;
			proxyType = 2;
			remoteGlobalIDString = 2590E66B1252353700531FA8;
			remoteInfo = "RestKitJSONParser+SBJSON";
		};
		38C5ACC0144FD4C800F23CB8 /* PBXContainerItemProxy */ = {
			isa = PBXContainerItemProxy;
			containerPortal = 38C5ACA0144FD4C800F23CB8 /* RestKit.xcodeproj */;
			proxyType = 2;
			remoteGlobalIDString = 73057FD11331AD2E001908EE;
			remoteInfo = "RestKitJSONParser+JSONKit";
		};
		38C5ACC2144FD4C800F23CB8 /* PBXContainerItemProxy */ = {
			isa = PBXContainerItemProxy;
			containerPortal = 38C5ACA0144FD4C800F23CB8 /* RestKit.xcodeproj */;
			proxyType = 2;
			remoteGlobalIDString = 25BD43BD1340315800DBACDD;
			remoteInfo = "RestKitXMLParser+Libxml";
		};
		38C5ACC4144FD4C800F23CB8 /* PBXContainerItemProxy */ = {
			isa = PBXContainerItemProxy;
			containerPortal = 38C5ACA0144FD4C800F23CB8 /* RestKit.xcodeproj */;
			proxyType = 2;
			remoteGlobalIDString = 253A081412551D5300976E89;
			remoteInfo = RestKitCoreData;
		};
		38C5ACC6144FD4C800F23CB8 /* PBXContainerItemProxy */ = {
			isa = PBXContainerItemProxy;
			containerPortal = 38C5ACA0144FD4C800F23CB8 /* RestKit.xcodeproj */;
			proxyType = 2;
			remoteGlobalIDString = 2523360511E79F090048F9B4;
			remoteInfo = RestKitThree20;
		};
		38C5ACC8144FD4C800F23CB8 /* PBXContainerItemProxy */ = {
			isa = PBXContainerItemProxy;
			containerPortal = 38C5ACA0144FD4C800F23CB8 /* RestKit.xcodeproj */;
			proxyType = 2;
			remoteGlobalIDString = 3F6C39A510FE5C95008F47C5;
			remoteInfo = "RestKit Specs";
		};
		38C5ACCA144FD4D400F23CB8 /* PBXContainerItemProxy */ = {
			isa = PBXContainerItemProxy;
			containerPortal = 38C5ACA0144FD4C800F23CB8 /* RestKit.xcodeproj */;
			proxyType = 1;
			remoteGlobalIDString = 255B7588133BABBF00ED76AD;
			remoteInfo = RestKit;
		};
		38CD65421449163700B33631 /* PBXContainerItemProxy */ = {
			isa = PBXContainerItemProxy;
			containerPortal = 38CD650F1449163600B33631 /* Project object */;
			proxyType = 1;
			remoteGlobalIDString = 38CD65171449163600B33631;
			remoteInfo = "eo-mobile-iphone";
		};
/* End PBXContainerItemProxy section */

/* Begin PBXFileReference section */
		38169269145353E900E42A7A /* StoreDetailsViewController.h */ = {isa = PBXFileReference; fileEncoding = 4; lastKnownFileType = sourcecode.c.h; path = StoreDetailsViewController.h; sourceTree = "<group>"; };
		3816926A145353E900E42A7A /* StoreDetailsViewController.m */ = {isa = PBXFileReference; fileEncoding = 4; lastKnownFileType = sourcecode.c.objc; path = StoreDetailsViewController.m; sourceTree = "<group>"; };
		3816926B145353E900E42A7A /* StoreDetailsViewController.xib */ = {isa = PBXFileReference; fileEncoding = 4; lastKnownFileType = file.xib; path = StoreDetailsViewController.xib; sourceTree = "<group>"; };
		3838249F145C5B1500C459E6 /* User.h */ = {isa = PBXFileReference; fileEncoding = 4; lastKnownFileType = sourcecode.c.h; path = User.h; sourceTree = "<group>"; };
		383824A0145C5B1500C459E6 /* User.m */ = {isa = PBXFileReference; fileEncoding = 4; lastKnownFileType = sourcecode.c.objc; path = User.m; sourceTree = "<group>"; };
		383824BB145CB89400C459E6 /* no_image.png */ = {isa = PBXFileReference; lastKnownFileType = image.png; name = no_image.png; path = Images/no_image.png; sourceTree = "<group>"; };
		383824BD145CB9AE00C459E6 /* ImageUtils.h */ = {isa = PBXFileReference; fileEncoding = 4; lastKnownFileType = sourcecode.c.h; path = ImageUtils.h; sourceTree = "<group>"; };
		383824BE145CB9AE00C459E6 /* ImageUtils.m */ = {isa = PBXFileReference; fileEncoding = 4; lastKnownFileType = sourcecode.c.objc; path = ImageUtils.m; sourceTree = "<group>"; };
		383824E7145F385C00C459E6 /* OrderProductViewController.h */ = {isa = PBXFileReference; fileEncoding = 4; lastKnownFileType = sourcecode.c.h; path = OrderProductViewController.h; sourceTree = "<group>"; };
		383824E8145F385C00C459E6 /* OrderProductViewController.m */ = {isa = PBXFileReference; fileEncoding = 4; lastKnownFileType = sourcecode.c.objc; path = OrderProductViewController.m; sourceTree = "<group>"; };
		383824E9145F385C00C459E6 /* OrderProductViewController.xib */ = {isa = PBXFileReference; fileEncoding = 4; lastKnownFileType = file.xib; path = OrderProductViewController.xib; sourceTree = "<group>"; };
		383824F01460E59000C459E6 /* OrderService.h */ = {isa = PBXFileReference; fileEncoding = 4; lastKnownFileType = sourcecode.c.h; path = OrderService.h; sourceTree = "<group>"; };
		383824F11460E59000C459E6 /* OrderService.m */ = {isa = PBXFileReference; fileEncoding = 4; lastKnownFileType = sourcecode.c.objc; path = OrderService.m; sourceTree = "<group>"; };
		383824F31460E68D00C459E6 /* Order.h */ = {isa = PBXFileReference; fileEncoding = 4; lastKnownFileType = sourcecode.c.h; path = Order.h; sourceTree = "<group>"; };
		383824F41460E68D00C459E6 /* Order.m */ = {isa = PBXFileReference; fileEncoding = 4; lastKnownFileType = sourcecode.c.objc; path = Order.m; sourceTree = "<group>"; };
		383824F61462D8C400C459E6 /* OrderDetailsTableCell.xib */ = {isa = PBXFileReference; fileEncoding = 4; lastKnownFileType = file.xib; path = OrderDetailsTableCell.xib; sourceTree = "<group>"; };
		383824F81462EDFC00C459E6 /* OrderProduct.h */ = {isa = PBXFileReference; fileEncoding = 4; lastKnownFileType = sourcecode.c.h; path = OrderProduct.h; sourceTree = "<group>"; };
		383824F91462EDFE00C459E6 /* OrderProduct.m */ = {isa = PBXFileReference; fileEncoding = 4; lastKnownFileType = sourcecode.c.objc; path = OrderProduct.m; sourceTree = "<group>"; };
		3864BCB01479C7E100F5AA62 /* StoreAccessViewController.h */ = {isa = PBXFileReference; fileEncoding = 4; lastKnownFileType = sourcecode.c.h; path = StoreAccessViewController.h; sourceTree = "<group>"; };
		3864BCB11479C7E100F5AA62 /* StoreAccessViewController.m */ = {isa = PBXFileReference; fileEncoding = 4; lastKnownFileType = sourcecode.c.objc; path = StoreAccessViewController.m; sourceTree = "<group>"; };
		3864BCB21479C7E100F5AA62 /* StoreAccessViewController.xib */ = {isa = PBXFileReference; fileEncoding = 4; lastKnownFileType = file.xib; path = StoreAccessViewController.xib; sourceTree = "<group>"; };
		3864BCB71479CDD500F5AA62 /* Textures 78.jpg */ = {isa = PBXFileReference; lastKnownFileType = image.jpeg; name = "Textures 78.jpg"; path = "Images/Textures 78.jpg"; sourceTree = "<group>"; };
		3864BCBA1479EEB500F5AA62 /* padlock.png */ = {isa = PBXFileReference; lastKnownFileType = image.png; name = padlock.png; path = Images/padlock.png; sourceTree = "<group>"; };
		386D48C2147F08F2005340AC /* StoreContainerViewController.h */ = {isa = PBXFileReference; fileEncoding = 4; lastKnownFileType = sourcecode.c.h; path = StoreContainerViewController.h; sourceTree = "<group>"; };
		386D48C3147F08F3005340AC /* StoreContainerViewController.m */ = {isa = PBXFileReference; fileEncoding = 4; lastKnownFileType = sourcecode.c.objc; path = StoreContainerViewController.m; sourceTree = "<group>"; };
		386D48C4147F08F3005340AC /* StoreContainerViewController.xib */ = {isa = PBXFileReference; fileEncoding = 4; lastKnownFileType = file.xib; path = StoreContainerViewController.xib; sourceTree = "<group>"; };
		386D48C7147F21D1005340AC /* ImageDownloader.h */ = {isa = PBXFileReference; fileEncoding = 4; lastKnownFileType = sourcecode.c.h; path = ImageDownloader.h; sourceTree = "<group>"; };
		386D48C8147F21D1005340AC /* ImageDownloader.m */ = {isa = PBXFileReference; fileEncoding = 4; lastKnownFileType = sourcecode.c.objc; path = ImageDownloader.m; sourceTree = "<group>"; };
		386D48CA147F220A005340AC /* NSObjectWithImage.h */ = {isa = PBXFileReference; fileEncoding = 4; lastKnownFileType = sourcecode.c.h; path = NSObjectWithImage.h; sourceTree = "<group>"; };
		386D48CB147F220B005340AC /* NSObjectWithImage.m */ = {isa = PBXFileReference; fileEncoding = 4; lastKnownFileType = sourcecode.c.objc; path = NSObjectWithImage.m; sourceTree = "<group>"; };
		386D48CD14803782005340AC /* OrderTotalTableCell.xib */ = {isa = PBXFileReference; fileEncoding = 4; lastKnownFileType = file.xib; path = OrderTotalTableCell.xib; sourceTree = "<group>"; };
		386D48CF148162D5005340AC /* OrderEmptyProductsTableCell.xib */ = {isa = PBXFileReference; fileEncoding = 4; lastKnownFileType = file.xib; path = OrderEmptyProductsTableCell.xib; sourceTree = "<group>"; };
		38C5ACA0144FD4C800F23CB8 /* RestKit.xcodeproj */ = {isa = PBXFileReference; lastKnownFileType = "wrapper.pb-project"; name = RestKit.xcodeproj; path = RestKit/RestKit.xcodeproj; sourceTree = "<group>"; };
		38C5ACD1144FD4E600F23CB8 /* CFNetwork.framework */ = {isa = PBXFileReference; lastKnownFileType = wrapper.framework; name = CFNetwork.framework; path = System/Library/Frameworks/CFNetwork.framework; sourceTree = SDKROOT; };
		38C5ACD2144FD4E600F23CB8 /* CoreData.framework */ = {isa = PBXFileReference; lastKnownFileType = wrapper.framework; name = CoreData.framework; path = System/Library/Frameworks/CoreData.framework; sourceTree = SDKROOT; };
		38C5ACD3144FD4E600F23CB8 /* libxml2.dylib */ = {isa = PBXFileReference; lastKnownFileType = "compiled.mach-o.dylib"; name = libxml2.dylib; path = usr/lib/libxml2.dylib; sourceTree = SDKROOT; };
		38C5ACD4144FD4E600F23CB8 /* MobileCoreServices.framework */ = {isa = PBXFileReference; lastKnownFileType = wrapper.framework; name = MobileCoreServices.framework; path = System/Library/Frameworks/MobileCoreServices.framework; sourceTree = SDKROOT; };
		38C5ACD5144FD4E600F23CB8 /* SystemConfiguration.framework */ = {isa = PBXFileReference; lastKnownFileType = wrapper.framework; name = SystemConfiguration.framework; path = System/Library/Frameworks/SystemConfiguration.framework; sourceTree = SDKROOT; };
		38C5ACDF144FD57B00F23CB8 /* Store.h */ = {isa = PBXFileReference; fileEncoding = 4; lastKnownFileType = sourcecode.c.h; path = Store.h; sourceTree = "<group>"; };
		38C5ACE0144FD57B00F23CB8 /* Store.m */ = {isa = PBXFileReference; fileEncoding = 4; lastKnownFileType = sourcecode.c.objc; path = Store.m; sourceTree = "<group>"; };
		38C5ACE2144FD58700F23CB8 /* StoreService.h */ = {isa = PBXFileReference; fileEncoding = 4; lastKnownFileType = sourcecode.c.h; path = StoreService.h; sourceTree = "<group>"; };
		38C5ACE3144FD58700F23CB8 /* StoreService.m */ = {isa = PBXFileReference; fileEncoding = 4; lastKnownFileType = sourcecode.c.objc; path = StoreService.m; sourceTree = "<group>"; };
		38C5ACE5144FD59200F23CB8 /* ReachabilityService.h */ = {isa = PBXFileReference; fileEncoding = 4; lastKnownFileType = sourcecode.c.h; path = ReachabilityService.h; sourceTree = "<group>"; };
		38C5ACE6144FD59200F23CB8 /* ReachabilityService.m */ = {isa = PBXFileReference; fileEncoding = 4; lastKnownFileType = sourcecode.c.objc; path = ReachabilityService.m; sourceTree = "<group>"; };
		38C5ACE8144FD59B00F23CB8 /* StringUtils.h */ = {isa = PBXFileReference; fileEncoding = 4; lastKnownFileType = sourcecode.c.h; path = StringUtils.h; sourceTree = "<group>"; };
		38C5ACE9144FD59B00F23CB8 /* StringUtils.m */ = {isa = PBXFileReference; fileEncoding = 4; lastKnownFileType = sourcecode.c.objc; path = StringUtils.m; sourceTree = "<group>"; };
		38C5ACEC144FD72300F23CB8 /* StoreSearchViewController.h */ = {isa = PBXFileReference; fileEncoding = 4; lastKnownFileType = sourcecode.c.h; path = StoreSearchViewController.h; sourceTree = "<group>"; };
		38C5ACED144FD72300F23CB8 /* StoreSearchViewController.m */ = {isa = PBXFileReference; fileEncoding = 4; lastKnownFileType = sourcecode.c.objc; path = StoreSearchViewController.m; sourceTree = "<group>"; };
		38C5ACEE144FD72300F23CB8 /* StoreSearchViewController.xib */ = {isa = PBXFileReference; fileEncoding = 4; lastKnownFileType = file.xib; path = StoreSearchViewController.xib; sourceTree = "<group>"; };
		38CD651C1449163600B33631 /* UIKit.framework */ = {isa = PBXFileReference; lastKnownFileType = wrapper.framework; name = UIKit.framework; path = System/Library/Frameworks/UIKit.framework; sourceTree = SDKROOT; };
		38CD651E1449163600B33631 /* Foundation.framework */ = {isa = PBXFileReference; lastKnownFileType = wrapper.framework; name = Foundation.framework; path = System/Library/Frameworks/Foundation.framework; sourceTree = SDKROOT; };
		38CD65201449163600B33631 /* CoreGraphics.framework */ = {isa = PBXFileReference; lastKnownFileType = wrapper.framework; name = CoreGraphics.framework; path = System/Library/Frameworks/CoreGraphics.framework; sourceTree = SDKROOT; };
		38CD65241449163600B33631 /* eo-mobile-iphone-Info.plist */ = {isa = PBXFileReference; lastKnownFileType = text.plist.xml; path = "eo-mobile-iphone-Info.plist"; sourceTree = "<group>"; };
		38CD65261449163600B33631 /* en */ = {isa = PBXFileReference; lastKnownFileType = text.plist.strings; name = en; path = en.lproj/InfoPlist.strings; sourceTree = "<group>"; };
		38CD65281449163600B33631 /* main.m */ = {isa = PBXFileReference; lastKnownFileType = sourcecode.c.objc; path = main.m; sourceTree = "<group>"; };
		38CD652A1449163600B33631 /* eo-mobile-iphone-Prefix.pch */ = {isa = PBXFileReference; lastKnownFileType = sourcecode.c.h; path = "eo-mobile-iphone-Prefix.pch"; sourceTree = "<group>"; };
		38CD652B1449163600B33631 /* eo_mobile_iphoneAppDelegate.h */ = {isa = PBXFileReference; lastKnownFileType = sourcecode.c.h; path = eo_mobile_iphoneAppDelegate.h; sourceTree = "<group>"; };
		38CD652C1449163600B33631 /* eo_mobile_iphoneAppDelegate.m */ = {isa = PBXFileReference; lastKnownFileType = sourcecode.c.objc; path = eo_mobile_iphoneAppDelegate.m; sourceTree = "<group>"; };
		38CD652F1449163600B33631 /* en */ = {isa = PBXFileReference; lastKnownFileType = file.xib; name = en; path = en.lproj/MainWindow.xib; sourceTree = "<group>"; };
		38CD653D1449163600B33631 /* SenTestingKit.framework */ = {isa = PBXFileReference; lastKnownFileType = wrapper.framework; name = SenTestingKit.framework; path = Library/Frameworks/SenTestingKit.framework; sourceTree = DEVELOPER_DIR; };
		38CD65461449163700B33631 /* eo-mobile-iphoneTests-Info.plist */ = {isa = PBXFileReference; lastKnownFileType = text.plist.xml; path = "eo-mobile-iphoneTests-Info.plist"; sourceTree = "<group>"; };
		38CD65481449163700B33631 /* en */ = {isa = PBXFileReference; lastKnownFileType = text.plist.strings; name = en; path = en.lproj/InfoPlist.strings; sourceTree = "<group>"; };
		38CD654A1449163700B33631 /* eo_mobile_iphoneTests.h */ = {isa = PBXFileReference; lastKnownFileType = sourcecode.c.h; path = eo_mobile_iphoneTests.h; sourceTree = "<group>"; };
		38CD654C1449163700B33631 /* eo_mobile_iphoneTests.m */ = {isa = PBXFileReference; lastKnownFileType = sourcecode.c.objc; path = eo_mobile_iphoneTests.m; sourceTree = "<group>"; };
		38DCB33C14536D290042F8FE /* eo-mobile-iphone.app */ = {isa = PBXFileReference; explicitFileType = wrapper.application; includeInIndex = 0; path = "eo-mobile-iphone.app"; sourceTree = BUILT_PRODUCTS_DIR; };
		38DCB33E14536D290042F8FE /* eo-mobile-iphoneTests.octest */ = {isa = PBXFileReference; explicitFileType = wrapper.cfbundle; includeInIndex = 0; path = "eo-mobile-iphoneTests.octest"; sourceTree = BUILT_PRODUCTS_DIR; };
		38DCB37D14562B220042F8FE /* ProductListViewController.h */ = {isa = PBXFileReference; fileEncoding = 4; lastKnownFileType = sourcecode.c.h; path = ProductListViewController.h; sourceTree = "<group>"; };
		38DCB37E14562B220042F8FE /* ProductListViewController.m */ = {isa = PBXFileReference; fileEncoding = 4; lastKnownFileType = sourcecode.c.objc; path = ProductListViewController.m; sourceTree = "<group>"; };
		38DCB37F14562B220042F8FE /* ProductListViewController.xib */ = {isa = PBXFileReference; fileEncoding = 4; lastKnownFileType = file.xib; path = ProductListViewController.xib; sourceTree = "<group>"; };
		38DCB38314562B5E0042F8FE /* ProductDetailsViewController.h */ = {isa = PBXFileReference; fileEncoding = 4; lastKnownFileType = sourcecode.c.h; path = ProductDetailsViewController.h; sourceTree = "<group>"; };
		38DCB38414562B5E0042F8FE /* ProductDetailsViewController.m */ = {isa = PBXFileReference; fileEncoding = 4; lastKnownFileType = sourcecode.c.objc; path = ProductDetailsViewController.m; sourceTree = "<group>"; };
		38DCB38514562B5E0042F8FE /* ProductDetailsViewController.xib */ = {isa = PBXFileReference; fileEncoding = 4; lastKnownFileType = file.xib; path = ProductDetailsViewController.xib; sourceTree = "<group>"; };
		38DCB38A14562EB70042F8FE /* SigninViewController.h */ = {isa = PBXFileReference; fileEncoding = 4; lastKnownFileType = sourcecode.c.h; path = SigninViewController.h; sourceTree = "<group>"; };
		38DCB38B14562EB70042F8FE /* SigninViewController.m */ = {isa = PBXFileReference; fileEncoding = 4; lastKnownFileType = sourcecode.c.objc; path = SigninViewController.m; sourceTree = "<group>"; };
		38DCB38C14562EB70042F8FE /* SigninViewController.xib */ = {isa = PBXFileReference; fileEncoding = 4; lastKnownFileType = file.xib; path = SigninViewController.xib; sourceTree = "<group>"; };
		38DCB38F14562EE30042F8FE /* SignupViewController.h */ = {isa = PBXFileReference; fileEncoding = 4; lastKnownFileType = sourcecode.c.h; path = SignupViewController.h; sourceTree = "<group>"; };
		38DCB39014562EE30042F8FE /* SignupViewController.m */ = {isa = PBXFileReference; fileEncoding = 4; lastKnownFileType = sourcecode.c.objc; path = SignupViewController.m; sourceTree = "<group>"; };
		38DCB39114562EE30042F8FE /* SignupViewController.xib */ = {isa = PBXFileReference; fileEncoding = 4; lastKnownFileType = file.xib; path = SignupViewController.xib; sourceTree = "<group>"; };
		38DCB39614562F590042F8FE /* OrderDetailsViewController.h */ = {isa = PBXFileReference; fileEncoding = 4; lastKnownFileType = sourcecode.c.h; path = OrderDetailsViewController.h; sourceTree = "<group>"; };
		38DCB39714562F590042F8FE /* OrderDetailsViewController.m */ = {isa = PBXFileReference; fileEncoding = 4; lastKnownFileType = sourcecode.c.objc; path = OrderDetailsViewController.m; sourceTree = "<group>"; };
		38DCB39814562F590042F8FE /* OrderDetailsViewController.xib */ = {isa = PBXFileReference; fileEncoding = 4; lastKnownFileType = file.xib; path = OrderDetailsViewController.xib; sourceTree = "<group>"; };
		38DCB39B145630E50042F8FE /* CategoryListViewController.h */ = {isa = PBXFileReference; fileEncoding = 4; lastKnownFileType = sourcecode.c.h; path = CategoryListViewController.h; sourceTree = "<group>"; };
		38DCB39C145630E50042F8FE /* CategoryListViewController.m */ = {isa = PBXFileReference; fileEncoding = 4; lastKnownFileType = sourcecode.c.objc; path = CategoryListViewController.m; sourceTree = "<group>"; };
		38DCB39D145630E50042F8FE /* CategoryListViewController.xib */ = {isa = PBXFileReference; fileEncoding = 4; lastKnownFileType = file.xib; path = CategoryListViewController.xib; sourceTree = "<group>"; };
		38DCB3A0145638750042F8FE /* ProductListTableCell.xib */ = {isa = PBXFileReference; fileEncoding = 4; lastKnownFileType = file.xib; path = ProductListTableCell.xib; sourceTree = "<group>"; };
		38DCB3A214563C110042F8FE /* ProductService.h */ = {isa = PBXFileReference; fileEncoding = 4; lastKnownFileType = sourcecode.c.h; path = ProductService.h; sourceTree = "<group>"; };
		38DCB3A314563C110042F8FE /* ProductService.m */ = {isa = PBXFileReference; fileEncoding = 4; lastKnownFileType = sourcecode.c.objc; path = ProductService.m; sourceTree = "<group>"; };
		38DCB3A5145647E70042F8FE /* Product.h */ = {isa = PBXFileReference; fileEncoding = 4; lastKnownFileType = sourcecode.c.h; path = Product.h; sourceTree = "<group>"; };
		38DCB3A6145647E70042F8FE /* Product.m */ = {isa = PBXFileReference; fileEncoding = 4; lastKnownFileType = sourcecode.c.objc; path = Product.m; sourceTree = "<group>"; };
		38DCB3AD1457AC310042F8FE /* LoginService.h */ = {isa = PBXFileReference; fileEncoding = 4; lastKnownFileType = sourcecode.c.h; path = LoginService.h; sourceTree = "<group>"; };
		38DCB3AE1457AC310042F8FE /* LoginService.m */ = {isa = PBXFileReference; fileEncoding = 4; lastKnownFileType = sourcecode.c.objc; path = LoginService.m; sourceTree = "<group>"; };
/* End PBXFileReference section */

/* Begin PBXFrameworksBuildPhase section */
		38CD65151449163600B33631 /* Frameworks */ = {
			isa = PBXFrameworksBuildPhase;
			buildActionMask = 2147483647;
			files = (
				38C5ACD6144FD4E600F23CB8 /* CFNetwork.framework in Frameworks */,
				38C5ACD7144FD4E600F23CB8 /* CoreData.framework in Frameworks */,
				38C5ACD8144FD4E600F23CB8 /* libxml2.dylib in Frameworks */,
				38C5ACD9144FD4E600F23CB8 /* MobileCoreServices.framework in Frameworks */,
				38C5ACDA144FD4E600F23CB8 /* SystemConfiguration.framework in Frameworks */,
				38C5ACCC144FD4E600F23CB8 /* libRestKitCoreData.a in Frameworks */,
				38C5ACCD144FD4E600F23CB8 /* libRestKitJSONParserJSONKit.a in Frameworks */,
				38C5ACCE144FD4E600F23CB8 /* libRestKitNetwork.a in Frameworks */,
				38C5ACCF144FD4E600F23CB8 /* libRestKitObjectMapping.a in Frameworks */,
				38C5ACD0144FD4E600F23CB8 /* libRestKitSupport.a in Frameworks */,
				38CD651D1449163600B33631 /* UIKit.framework in Frameworks */,
				38CD651F1449163600B33631 /* Foundation.framework in Frameworks */,
				38CD65211449163600B33631 /* CoreGraphics.framework in Frameworks */,
			);
			runOnlyForDeploymentPostprocessing = 0;
		};
		38CD65381449163600B33631 /* Frameworks */ = {
			isa = PBXFrameworksBuildPhase;
			buildActionMask = 2147483647;
			files = (
				38CD653E1449163700B33631 /* SenTestingKit.framework in Frameworks */,
				38CD653F1449163700B33631 /* UIKit.framework in Frameworks */,
				38CD65401449163700B33631 /* Foundation.framework in Frameworks */,
				38CD65411449163700B33631 /* CoreGraphics.framework in Frameworks */,
			);
			runOnlyForDeploymentPostprocessing = 0;
		};
/* End PBXFrameworksBuildPhase section */

/* Begin PBXGroup section */
		38169268145353C800E42A7A /* Store */ = {
			isa = PBXGroup;
			children = (
				38C5ACEC144FD72300F23CB8 /* StoreSearchViewController.h */,
				38C5ACED144FD72300F23CB8 /* StoreSearchViewController.m */,
				38169269145353E900E42A7A /* StoreDetailsViewController.h */,
				3816926A145353E900E42A7A /* StoreDetailsViewController.m */,
				386D48C2147F08F2005340AC /* StoreContainerViewController.h */,
				386D48C3147F08F3005340AC /* StoreContainerViewController.m */,
			);
			name = Store;
			sourceTree = "<group>";
		};
		3816926E1453540700E42A7A /* Store */ = {
			isa = PBXGroup;
			children = (
				38C5ACEE144FD72300F23CB8 /* StoreSearchViewController.xib */,
				3816926B145353E900E42A7A /* StoreDetailsViewController.xib */,
				386D48C4147F08F3005340AC /* StoreContainerViewController.xib */,
			);
			name = Store;
			sourceTree = "<group>";
		};
		3864BCB51479CD9900F5AA62 /* Wallpapers */ = {
			isa = PBXGroup;
			children = (
				3864BCB71479CDD500F5AA62 /* Textures 78.jpg */,
			);
			name = Wallpapers;
			sourceTree = "<group>";
		};
		38C5ACA1144FD4C800F23CB8 /* Products */ = {
			isa = PBXGroup;
			children = (
				38C5ACB5144FD4C800F23CB8 /* libRestKitNetwork.a */,
				38C5ACB7144FD4C800F23CB8 /* libRestKitObjectMapping.a */,
				38C5ACB9144FD4C800F23CB8 /* libRestKitSupport.a */,
				38C5ACBB144FD4C800F23CB8 /* libRestKitJSONParserNXJSON.a */,
				38C5ACBD144FD4C800F23CB8 /* libRestKitJSONParserYAJL.a */,
				38C5ACBF144FD4C800F23CB8 /* libRestKitJSONParserSBJSON.a */,
				38C5ACC1144FD4C800F23CB8 /* libRestKitJSONParserJSONKit.a */,
				38C5ACC3144FD4C800F23CB8 /* libRestKitXMLParserLibxml.a */,
				38C5ACC5144FD4C800F23CB8 /* libRestKitCoreData.a */,
				38C5ACC7144FD4C800F23CB8 /* libRestKitThree20.a */,
				38C5ACC9144FD4C800F23CB8 /* RestKitSpecs.app */,
			);
			name = Products;
			sourceTree = "<group>";
		};
		38C5ACDB144FD54600F23CB8 /* Service */ = {
			isa = PBXGroup;
			children = (
				38C5ACE2144FD58700F23CB8 /* StoreService.h */,
				38C5ACE3144FD58700F23CB8 /* StoreService.m */,
				38C5ACE5144FD59200F23CB8 /* ReachabilityService.h */,
				38C5ACE6144FD59200F23CB8 /* ReachabilityService.m */,
				38DCB3A214563C110042F8FE /* ProductService.h */,
				38DCB3A314563C110042F8FE /* ProductService.m */,
				38DCB3AD1457AC310042F8FE /* LoginService.h */,
				38DCB3AE1457AC310042F8FE /* LoginService.m */,
				383824F01460E59000C459E6 /* OrderService.h */,
				383824F11460E59000C459E6 /* OrderService.m */,
			);
			name = Service;
			sourceTree = "<group>";
		};
		38C5ACDC144FD54D00F23CB8 /* Lib */ = {
			isa = PBXGroup;
			children = (
			);
			name = Lib;
			sourceTree = "<group>";
		};
		38C5ACDD144FD55100F23CB8 /* Resources */ = {
			isa = PBXGroup;
			children = (
				3864BCB51479CD9900F5AA62 /* Wallpapers */,
				38DCB3A8145784060042F8FE /* Icons */,
			);
			name = Resources;
			sourceTree = "<group>";
		};
		38C5ACDE144FD55800F23CB8 /* Util */ = {
			isa = PBXGroup;
			children = (
				38C5ACE8144FD59B00F23CB8 /* StringUtils.h */,
				38C5ACE9144FD59B00F23CB8 /* StringUtils.m */,
				383824BD145CB9AE00C459E6 /* ImageUtils.h */,
				383824BE145CB9AE00C459E6 /* ImageUtils.m */,
				386D48C7147F21D1005340AC /* ImageDownloader.h */,
				386D48C8147F21D1005340AC /* ImageDownloader.m */,
			);
			name = Util;
			sourceTree = "<group>";
		};
		38C5ACEB144FD5A600F23CB8 /* Main */ = {
			isa = PBXGroup;
			children = (
				38CD652B1449163600B33631 /* eo_mobile_iphoneAppDelegate.h */,
				38CD652C1449163600B33631 /* eo_mobile_iphoneAppDelegate.m */,
			);
			name = Main;
			sourceTree = "<group>";
		};
		38CD650D1449163600B33631 = {
			isa = PBXGroup;
			children = (
				38C5ACA0144FD4C800F23CB8 /* RestKit.xcodeproj */,
				38CD65221449163600B33631 /* eo-mobile-iphone */,
				38CD65441449163700B33631 /* eo-mobile-iphoneTests */,
				38CD651B1449163600B33631 /* Frameworks */,
				38DCB33C14536D290042F8FE /* eo-mobile-iphone.app */,
				38DCB33E14536D290042F8FE /* eo-mobile-iphoneTests.octest */,
			);
			sourceTree = "<group>";
		};
		38CD651B1449163600B33631 /* Frameworks */ = {
			isa = PBXGroup;
			children = (
				38C5ACD1144FD4E600F23CB8 /* CFNetwork.framework */,
				38C5ACD2144FD4E600F23CB8 /* CoreData.framework */,
				38C5ACD3144FD4E600F23CB8 /* libxml2.dylib */,
				38C5ACD4144FD4E600F23CB8 /* MobileCoreServices.framework */,
				38C5ACD5144FD4E600F23CB8 /* SystemConfiguration.framework */,
				38CD651C1449163600B33631 /* UIKit.framework */,
				38CD651E1449163600B33631 /* Foundation.framework */,
				38CD65201449163600B33631 /* CoreGraphics.framework */,
				38CD653D1449163600B33631 /* SenTestingKit.framework */,
			);
			name = Frameworks;
			sourceTree = "<group>";
		};
		38CD65221449163600B33631 /* eo-mobile-iphone */ = {
			isa = PBXGroup;
			children = (
				38C5ACDE144FD55800F23CB8 /* Util */,
				38C5ACDD144FD55100F23CB8 /* Resources */,
				38C5ACDC144FD54D00F23CB8 /* Lib */,
				38C5ACDB144FD54600F23CB8 /* Service */,
				38CD65571449168600B33631 /* Model */,
				38CD65561449167E00B33631 /* View */,
				38CD65581449168900B33631 /* Controller */,
				38CD65231449163600B33631 /* Supporting Files */,
			);
			path = "eo-mobile-iphone";
			sourceTree = "<group>";
		};
		38CD65231449163600B33631 /* Supporting Files */ = {
			isa = PBXGroup;
			children = (
				38CD65241449163600B33631 /* eo-mobile-iphone-Info.plist */,
				38CD65251449163600B33631 /* InfoPlist.strings */,
				38CD65281449163600B33631 /* main.m */,
				38CD652A1449163600B33631 /* eo-mobile-iphone-Prefix.pch */,
			);
			name = "Supporting Files";
			sourceTree = "<group>";
		};
		38CD65441449163700B33631 /* eo-mobile-iphoneTests */ = {
			isa = PBXGroup;
			children = (
				38CD654A1449163700B33631 /* eo_mobile_iphoneTests.h */,
				38CD654C1449163700B33631 /* eo_mobile_iphoneTests.m */,
				38CD65451449163700B33631 /* Supporting Files */,
			);
			path = "eo-mobile-iphoneTests";
			sourceTree = "<group>";
		};
		38CD65451449163700B33631 /* Supporting Files */ = {
			isa = PBXGroup;
			children = (
				38CD65461449163700B33631 /* eo-mobile-iphoneTests-Info.plist */,
				38CD65471449163700B33631 /* InfoPlist.strings */,
			);
			name = "Supporting Files";
			sourceTree = "<group>";
		};
		38CD65561449167E00B33631 /* View */ = {
			isa = PBXGroup;
			children = (
				38DCB39414562F400042F8FE /* Order */,
				38DCB38914562EA40042F8FE /* Sign */,
				38DCB38214562B2C0042F8FE /* Product */,
				3816926E1453540700E42A7A /* Store */,
				38CD652E1449163600B33631 /* MainWindow.xib */,
			);
			name = View;
			sourceTree = "<group>";
		};
		38CD65571449168600B33631 /* Model */ = {
			isa = PBXGroup;
			children = (
				38C5ACDF144FD57B00F23CB8 /* Store.h */,
				38C5ACE0144FD57B00F23CB8 /* Store.m */,
				38DCB3A5145647E70042F8FE /* Product.h */,
				38DCB3A6145647E70042F8FE /* Product.m */,
				3838249F145C5B1500C459E6 /* User.h */,
				383824A0145C5B1500C459E6 /* User.m */,
				383824F31460E68D00C459E6 /* Order.h */,
				383824F41460E68D00C459E6 /* Order.m */,
				383824F81462EDFC00C459E6 /* OrderProduct.h */,
				383824F91462EDFE00C459E6 /* OrderProduct.m */,
				386D48CA147F220A005340AC /* NSObjectWithImage.h */,
				386D48CB147F220B005340AC /* NSObjectWithImage.m */,
			);
			name = Model;
			sourceTree = "<group>";
		};
		38CD65581449168900B33631 /* Controller */ = {
			isa = PBXGroup;
			children = (
				38DCB39514562F470042F8FE /* Order */,
				38DCB38814562E9B0042F8FE /* Sign */,
				38DCB37C14562ADF0042F8FE /* Product */,
				38169268145353C800E42A7A /* Store */,
				38C5ACEB144FD5A600F23CB8 /* Main */,
			);
			name = Controller;
			sourceTree = "<group>";
		};
		38DCB37C14562ADF0042F8FE /* Product */ = {
			isa = PBXGroup;
			children = (
				38DCB37D14562B220042F8FE /* ProductListViewController.h */,
				38DCB37E14562B220042F8FE /* ProductListViewController.m */,
				38DCB38314562B5E0042F8FE /* ProductDetailsViewController.h */,
				38DCB38414562B5E0042F8FE /* ProductDetailsViewController.m */,
				38DCB39B145630E50042F8FE /* CategoryListViewController.h */,
				38DCB39C145630E50042F8FE /* CategoryListViewController.m */,
			);
			name = Product;
			sourceTree = "<group>";
		};
		38DCB38214562B2C0042F8FE /* Product */ = {
			isa = PBXGroup;
			children = (
				38DCB37F14562B220042F8FE /* ProductListViewController.xib */,
				38DCB3A0145638750042F8FE /* ProductListTableCell.xib */,
				38DCB38514562B5E0042F8FE /* ProductDetailsViewController.xib */,
				38DCB39D145630E50042F8FE /* CategoryListViewController.xib */,
			);
			name = Product;
			sourceTree = "<group>";
		};
		38DCB38814562E9B0042F8FE /* Sign */ = {
			isa = PBXGroup;
			children = (
				38DCB38A14562EB70042F8FE /* SigninViewController.h */,
				38DCB38B14562EB70042F8FE /* SigninViewController.m */,
				38DCB38F14562EE30042F8FE /* SignupViewController.h */,
				38DCB39014562EE30042F8FE /* SignupViewController.m */,
				3864BCB01479C7E100F5AA62 /* StoreAccessViewController.h */,
				3864BCB11479C7E100F5AA62 /* StoreAccessViewController.m */,
			);
			name = Sign;
			sourceTree = "<group>";
		};
		38DCB38914562EA40042F8FE /* Sign */ = {
			isa = PBXGroup;
			children = (
				38DCB38C14562EB70042F8FE /* SigninViewController.xib */,
				38DCB39114562EE30042F8FE /* SignupViewController.xib */,
				3864BCB21479C7E100F5AA62 /* StoreAccessViewController.xib */,
			);
			name = Sign;
			sourceTree = "<group>";
		};
		38DCB39414562F400042F8FE /* Order */ = {
			isa = PBXGroup;
			children = (
				38DCB39814562F590042F8FE /* OrderDetailsViewController.xib */,
				383824E9145F385C00C459E6 /* OrderProductViewController.xib */,
				383824F61462D8C400C459E6 /* OrderDetailsTableCell.xib */,
				386D48CD14803782005340AC /* OrderTotalTableCell.xib */,
				386D48CF148162D5005340AC /* OrderEmptyProductsTableCell.xib */,
			);
			name = Order;
			sourceTree = "<group>";
		};
		38DCB39514562F470042F8FE /* Order */ = {
			isa = PBXGroup;
			children = (
				38DCB39614562F590042F8FE /* OrderDetailsViewController.h */,
				38DCB39714562F590042F8FE /* OrderDetailsViewController.m */,
				383824E7145F385C00C459E6 /* OrderProductViewController.h */,
				383824E8145F385C00C459E6 /* OrderProductViewController.m */,
			);
			name = Order;
			sourceTree = "<group>";
		};
		38DCB3A8145784060042F8FE /* Icons */ = {
			isa = PBXGroup;
			children = (
				3864BCBA1479EEB500F5AA62 /* padlock.png */,
				383824BB145CB89400C459E6 /* no_image.png */,
			);
			name = Icons;
			sourceTree = "<group>";
		};
/* End PBXGroup section */

/* Begin PBXNativeTarget section */
		38CD65171449163600B33631 /* eo-mobile-iphone */ = {
			isa = PBXNativeTarget;
			buildConfigurationList = 38CD65501449163700B33631 /* Build configuration list for PBXNativeTarget "eo-mobile-iphone" */;
			buildPhases = (
				38CD65141449163600B33631 /* Sources */,
				38CD65151449163600B33631 /* Frameworks */,
				38CD65161449163600B33631 /* Resources */,
			);
			buildRules = (
			);
			dependencies = (
				38C5ACCB144FD4D400F23CB8 /* PBXTargetDependency */,
			);
			name = "eo-mobile-iphone";
			productName = "eo-mobile-iphone";
			productReference = 38DCB33C14536D290042F8FE /* eo-mobile-iphone.app */;
			productType = "com.apple.product-type.application";
		};
		38CD653B1449163600B33631 /* eo-mobile-iphoneTests */ = {
			isa = PBXNativeTarget;
			buildConfigurationList = 38CD65531449163700B33631 /* Build configuration list for PBXNativeTarget "eo-mobile-iphoneTests" */;
			buildPhases = (
				38CD65371449163600B33631 /* Sources */,
				38CD65381449163600B33631 /* Frameworks */,
				38CD65391449163600B33631 /* Resources */,
				38CD653A1449163600B33631 /* ShellScript */,
			);
			buildRules = (
			);
			dependencies = (
				38CD65431449163700B33631 /* PBXTargetDependency */,
			);
			name = "eo-mobile-iphoneTests";
			productName = "eo-mobile-iphoneTests";
			productReference = 38DCB33E14536D290042F8FE /* eo-mobile-iphoneTests.octest */;
			productType = "com.apple.product-type.bundle";
		};
/* End PBXNativeTarget section */

/* Begin PBXProject section */
		38CD650F1449163600B33631 /* Project object */ = {
			isa = PBXProject;
			buildConfigurationList = 38CD65121449163600B33631 /* Build configuration list for PBXProject "eo-mobile-iphone" */;
			compatibilityVersion = "Xcode 3.2";
			developmentRegion = English;
			hasScannedForEncodings = 0;
			knownRegions = (
				en,
			);
			mainGroup = 38CD650D1449163600B33631;
			productRefGroup = 38CD650D1449163600B33631;
			projectDirPath = "";
			projectReferences = (
				{
					ProductGroup = 38C5ACA1144FD4C800F23CB8 /* Products */;
					ProjectRef = 38C5ACA0144FD4C800F23CB8 /* RestKit.xcodeproj */;
				},
			);
			projectRoot = "";
			targets = (
				38CD65171449163600B33631 /* eo-mobile-iphone */,
				38CD653B1449163600B33631 /* eo-mobile-iphoneTests */,
			);
		};
/* End PBXProject section */

/* Begin PBXReferenceProxy section */
		38C5ACB5144FD4C800F23CB8 /* libRestKitNetwork.a */ = {
			isa = PBXReferenceProxy;
			fileType = archive.ar;
			path = libRestKitNetwork.a;
			remoteRef = 38C5ACB4144FD4C800F23CB8 /* PBXContainerItemProxy */;
			sourceTree = BUILT_PRODUCTS_DIR;
		};
		38C5ACB7144FD4C800F23CB8 /* libRestKitObjectMapping.a */ = {
			isa = PBXReferenceProxy;
			fileType = archive.ar;
			path = libRestKitObjectMapping.a;
			remoteRef = 38C5ACB6144FD4C800F23CB8 /* PBXContainerItemProxy */;
			sourceTree = BUILT_PRODUCTS_DIR;
		};
		38C5ACB9144FD4C800F23CB8 /* libRestKitSupport.a */ = {
			isa = PBXReferenceProxy;
			fileType = archive.ar;
			path = libRestKitSupport.a;
			remoteRef = 38C5ACB8144FD4C800F23CB8 /* PBXContainerItemProxy */;
			sourceTree = BUILT_PRODUCTS_DIR;
		};
		38C5ACBB144FD4C800F23CB8 /* libRestKitJSONParserNXJSON.a */ = {
			isa = PBXReferenceProxy;
			fileType = archive.ar;
			path = libRestKitJSONParserNXJSON.a;
			remoteRef = 38C5ACBA144FD4C800F23CB8 /* PBXContainerItemProxy */;
			sourceTree = BUILT_PRODUCTS_DIR;
		};
		38C5ACBD144FD4C800F23CB8 /* libRestKitJSONParserYAJL.a */ = {
			isa = PBXReferenceProxy;
			fileType = archive.ar;
			path = libRestKitJSONParserYAJL.a;
			remoteRef = 38C5ACBC144FD4C800F23CB8 /* PBXContainerItemProxy */;
			sourceTree = BUILT_PRODUCTS_DIR;
		};
		38C5ACBF144FD4C800F23CB8 /* libRestKitJSONParserSBJSON.a */ = {
			isa = PBXReferenceProxy;
			fileType = archive.ar;
			path = libRestKitJSONParserSBJSON.a;
			remoteRef = 38C5ACBE144FD4C800F23CB8 /* PBXContainerItemProxy */;
			sourceTree = BUILT_PRODUCTS_DIR;
		};
		38C5ACC1144FD4C800F23CB8 /* libRestKitJSONParserJSONKit.a */ = {
			isa = PBXReferenceProxy;
			fileType = archive.ar;
			path = libRestKitJSONParserJSONKit.a;
			remoteRef = 38C5ACC0144FD4C800F23CB8 /* PBXContainerItemProxy */;
			sourceTree = BUILT_PRODUCTS_DIR;
		};
		38C5ACC3144FD4C800F23CB8 /* libRestKitXMLParserLibxml.a */ = {
			isa = PBXReferenceProxy;
			fileType = archive.ar;
			path = libRestKitXMLParserLibxml.a;
			remoteRef = 38C5ACC2144FD4C800F23CB8 /* PBXContainerItemProxy */;
			sourceTree = BUILT_PRODUCTS_DIR;
		};
		38C5ACC5144FD4C800F23CB8 /* libRestKitCoreData.a */ = {
			isa = PBXReferenceProxy;
			fileType = archive.ar;
			path = libRestKitCoreData.a;
			remoteRef = 38C5ACC4144FD4C800F23CB8 /* PBXContainerItemProxy */;
			sourceTree = BUILT_PRODUCTS_DIR;
		};
		38C5ACC7144FD4C800F23CB8 /* libRestKitThree20.a */ = {
			isa = PBXReferenceProxy;
			fileType = archive.ar;
			path = libRestKitThree20.a;
			remoteRef = 38C5ACC6144FD4C800F23CB8 /* PBXContainerItemProxy */;
			sourceTree = BUILT_PRODUCTS_DIR;
		};
		38C5ACC9144FD4C800F23CB8 /* RestKitSpecs.app */ = {
			isa = PBXReferenceProxy;
			fileType = wrapper.application;
			path = RestKitSpecs.app;
			remoteRef = 38C5ACC8144FD4C800F23CB8 /* PBXContainerItemProxy */;
			sourceTree = BUILT_PRODUCTS_DIR;
		};
/* End PBXReferenceProxy section */

/* Begin PBXResourcesBuildPhase section */
		38CD65161449163600B33631 /* Resources */ = {
			isa = PBXResourcesBuildPhase;
			buildActionMask = 2147483647;
			files = (
				38CD65271449163600B33631 /* InfoPlist.strings in Resources */,
				38CD65301449163600B33631 /* MainWindow.xib in Resources */,
				38C5ACF0144FD72300F23CB8 /* StoreSearchViewController.xib in Resources */,
				3816926D145353E900E42A7A /* StoreDetailsViewController.xib in Resources */,
				38DCB38114562B220042F8FE /* ProductListViewController.xib in Resources */,
				38DCB38714562B5E0042F8FE /* ProductDetailsViewController.xib in Resources */,
				38DCB38E14562EB70042F8FE /* SigninViewController.xib in Resources */,
				38DCB39314562EE30042F8FE /* SignupViewController.xib in Resources */,
				38DCB39A14562F590042F8FE /* OrderDetailsViewController.xib in Resources */,
				38DCB39F145630E50042F8FE /* CategoryListViewController.xib in Resources */,
				38DCB3A1145638750042F8FE /* ProductListTableCell.xib in Resources */,
				383824BC145CB89400C459E6 /* no_image.png in Resources */,
				383824EB145F385C00C459E6 /* OrderProductViewController.xib in Resources */,
				383824F71462D8C500C459E6 /* OrderDetailsTableCell.xib in Resources */,
				3864BCB41479C7E100F5AA62 /* StoreAccessViewController.xib in Resources */,
				3864BCB91479CDD500F5AA62 /* Textures 78.jpg in Resources */,
				3864BCBB1479EEB500F5AA62 /* padlock.png in Resources */,
				386D48C6147F08F3005340AC /* StoreContainerViewController.xib in Resources */,
				386D48CE14803782005340AC /* OrderTotalTableCell.xib in Resources */,
				386D48D0148162D5005340AC /* OrderEmptyProductsTableCell.xib in Resources */,
			);
			runOnlyForDeploymentPostprocessing = 0;
		};
		38CD65391449163600B33631 /* Resources */ = {
			isa = PBXResourcesBuildPhase;
			buildActionMask = 2147483647;
			files = (
				38CD65491449163700B33631 /* InfoPlist.strings in Resources */,
				38CD654B1449163700B33631 /* eo_mobile_iphoneTests.h in Resources */,
			);
			runOnlyForDeploymentPostprocessing = 0;
		};
/* End PBXResourcesBuildPhase section */

/* Begin PBXShellScriptBuildPhase section */
		38CD653A1449163600B33631 /* ShellScript */ = {
			isa = PBXShellScriptBuildPhase;
			buildActionMask = 2147483647;
			files = (
			);
			inputPaths = (
			);
			outputPaths = (
			);
			runOnlyForDeploymentPostprocessing = 0;
			shellPath = /bin/sh;
			shellScript = "# Run the unit tests in this test bundle.\n\"${SYSTEM_DEVELOPER_DIR}/Tools/RunUnitTests\"\n";
		};
/* End PBXShellScriptBuildPhase section */

/* Begin PBXSourcesBuildPhase section */
		38CD65141449163600B33631 /* Sources */ = {
			isa = PBXSourcesBuildPhase;
			buildActionMask = 2147483647;
			files = (
				38CD65291449163600B33631 /* main.m in Sources */,
				38CD652D1449163600B33631 /* eo_mobile_iphoneAppDelegate.m in Sources */,
				38C5ACE1144FD57B00F23CB8 /* Store.m in Sources */,
				38C5ACE4144FD58700F23CB8 /* StoreService.m in Sources */,
				38C5ACE7144FD59200F23CB8 /* ReachabilityService.m in Sources */,
				38C5ACEA144FD59B00F23CB8 /* StringUtils.m in Sources */,
				38C5ACEF144FD72300F23CB8 /* StoreSearchViewController.m in Sources */,
				3816926C145353E900E42A7A /* StoreDetailsViewController.m in Sources */,
				38DCB38014562B220042F8FE /* ProductListViewController.m in Sources */,
				38DCB38614562B5E0042F8FE /* ProductDetailsViewController.m in Sources */,
				38DCB38D14562EB70042F8FE /* SigninViewController.m in Sources */,
				38DCB39214562EE30042F8FE /* SignupViewController.m in Sources */,
				38DCB39914562F590042F8FE /* OrderDetailsViewController.m in Sources */,
				38DCB39E145630E50042F8FE /* CategoryListViewController.m in Sources */,
				38DCB3A414563C110042F8FE /* ProductService.m in Sources */,
				38DCB3A7145647E70042F8FE /* Product.m in Sources */,
				38DCB3AF1457AC330042F8FE /* LoginService.m in Sources */,
				383824A1145C5B1500C459E6 /* User.m in Sources */,
				383824BF145CB9AE00C459E6 /* ImageUtils.m in Sources */,
				383824EA145F385C00C459E6 /* OrderProductViewController.m in Sources */,
				383824F21460E59000C459E6 /* OrderService.m in Sources */,
				383824F51460E68D00C459E6 /* Order.m in Sources */,
				383824FA1462EDFE00C459E6 /* OrderProduct.m in Sources */,
				3864BCB31479C7E100F5AA62 /* StoreAccessViewController.m in Sources */,
				386D48C5147F08F3005340AC /* StoreContainerViewController.m in Sources */,
				386D48C9147F21D2005340AC /* ImageDownloader.m in Sources */,
				386D48CC147F220B005340AC /* NSObjectWithImage.m in Sources */,
			);
			runOnlyForDeploymentPostprocessing = 0;
		};
		38CD65371449163600B33631 /* Sources */ = {
			isa = PBXSourcesBuildPhase;
			buildActionMask = 2147483647;
			files = (
				38CD654D1449163700B33631 /* eo_mobile_iphoneTests.m in Sources */,
			);
			runOnlyForDeploymentPostprocessing = 0;
		};
/* End PBXSourcesBuildPhase section */

/* Begin PBXTargetDependency section */
		38C5ACCB144FD4D400F23CB8 /* PBXTargetDependency */ = {
			isa = PBXTargetDependency;
			name = RestKit;
			targetProxy = 38C5ACCA144FD4D400F23CB8 /* PBXContainerItemProxy */;
		};
		38CD65431449163700B33631 /* PBXTargetDependency */ = {
			isa = PBXTargetDependency;
			target = 38CD65171449163600B33631 /* eo-mobile-iphone */;
			targetProxy = 38CD65421449163700B33631 /* PBXContainerItemProxy */;
		};
/* End PBXTargetDependency section */

/* Begin PBXVariantGroup section */
		38CD65251449163600B33631 /* InfoPlist.strings */ = {
			isa = PBXVariantGroup;
			children = (
				38CD65261449163600B33631 /* en */,
			);
			name = InfoPlist.strings;
			sourceTree = "<group>";
		};
		38CD652E1449163600B33631 /* MainWindow.xib */ = {
			isa = PBXVariantGroup;
			children = (
				38CD652F1449163600B33631 /* en */,
			);
			name = MainWindow.xib;
			sourceTree = "<group>";
		};
		38CD65471449163700B33631 /* InfoPlist.strings */ = {
			isa = PBXVariantGroup;
			children = (
				38CD65481449163700B33631 /* en */,
			);
			name = InfoPlist.strings;
			sourceTree = "<group>";
		};
/* End PBXVariantGroup section */

/* Begin XCBuildConfiguration section */
		38CD654E1449163700B33631 /* Debug */ = {
			isa = XCBuildConfiguration;
			buildSettings = {
				ALWAYS_SEARCH_USER_PATHS = NO;
				ARCHS = "$(ARCHS_STANDARD_32_BIT)";
				"CODE_SIGN_IDENTITY[sdk=iphoneos*]" = "iPhone Developer";
				COPY_PHASE_STRIP = NO;
				GCC_C_LANGUAGE_STANDARD = gnu99;
				GCC_DYNAMIC_NO_PIC = NO;
				GCC_OPTIMIZATION_LEVEL = 0;
				GCC_PREPROCESSOR_DEFINITIONS = (
					"DEBUG=1",
					"$(inherited)",
				);
				GCC_SYMBOLS_PRIVATE_EXTERN = NO;
				GCC_VERSION = com.apple.compilers.llvmgcc42;
				GCC_WARN_ABOUT_MISSING_PROTOTYPES = YES;
				GCC_WARN_ABOUT_RETURN_TYPE = YES;
				GCC_WARN_UNUSED_VARIABLE = YES;
				HEADER_SEARCH_PATHS = "$(SOURCE_ROOT)/RestKit/Build";
				IPHONEOS_DEPLOYMENT_TARGET = 4.3;
				OTHER_LDFLAGS = "-ObjC";
				SDKROOT = iphoneos;
			};
			name = Debug;
		};
		38CD654F1449163700B33631 /* Release */ = {
			isa = XCBuildConfiguration;
			buildSettings = {
				ALWAYS_SEARCH_USER_PATHS = NO;
				ARCHS = "$(ARCHS_STANDARD_32_BIT)";
				"CODE_SIGN_IDENTITY[sdk=iphoneos*]" = "iPhone Developer";
				COPY_PHASE_STRIP = YES;
				GCC_C_LANGUAGE_STANDARD = gnu99;
				GCC_VERSION = com.apple.compilers.llvmgcc42;
				GCC_WARN_ABOUT_MISSING_PROTOTYPES = YES;
				GCC_WARN_ABOUT_RETURN_TYPE = YES;
				GCC_WARN_UNUSED_VARIABLE = YES;
				HEADER_SEARCH_PATHS = "$(SOURCE_ROOT)/RestKit/Build";
				IPHONEOS_DEPLOYMENT_TARGET = 4.3;
				OTHER_CFLAGS = "-DNS_BLOCK_ASSERTIONS=1";
				OTHER_LDFLAGS = "-ObjC";
				SDKROOT = iphoneos;
				VALIDATE_PRODUCT = YES;
			};
			name = Release;
		};
		38CD65511449163700B33631 /* Debug */ = {
			isa = XCBuildConfiguration;
			buildSettings = {
				GCC_PRECOMPILE_PREFIX_HEADER = YES;
				GCC_PREFIX_HEADER = "eo-mobile-iphone/eo-mobile-iphone-Prefix.pch";
				INFOPLIST_FILE = "eo-mobile-iphone/eo-mobile-iphone-Info.plist";
				PRODUCT_NAME = "$(TARGET_NAME)";
				WRAPPER_EXTENSION = app;
			};
			name = Debug;
		};
		38CD65521449163700B33631 /* Release */ = {
			isa = XCBuildConfiguration;
			buildSettings = {
				GCC_PRECOMPILE_PREFIX_HEADER = YES;
				GCC_PREFIX_HEADER = "eo-mobile-iphone/eo-mobile-iphone-Prefix.pch";
				INFOPLIST_FILE = "eo-mobile-iphone/eo-mobile-iphone-Info.plist";
				PRODUCT_NAME = "$(TARGET_NAME)";
				WRAPPER_EXTENSION = app;
			};
			name = Release;
		};
		38CD65541449163700B33631 /* Debug */ = {
			isa = XCBuildConfiguration;
			buildSettings = {
				BUNDLE_LOADER = "$(BUILT_PRODUCTS_DIR)/eo-mobile-iphone.app/eo-mobile-iphone";
				FRAMEWORK_SEARCH_PATHS = (
					"$(SDKROOT)/Developer/Library/Frameworks",
					"$(DEVELOPER_LIBRARY_DIR)/Frameworks",
				);
				GCC_PRECOMPILE_PREFIX_HEADER = YES;
				GCC_PREFIX_HEADER = "eo-mobile-iphone/eo-mobile-iphone-Prefix.pch";
				INFOPLIST_FILE = "eo-mobile-iphoneTests/eo-mobile-iphoneTests-Info.plist";
				PRODUCT_NAME = "$(TARGET_NAME)";
				TEST_HOST = "$(BUNDLE_LOADER)";
				WRAPPER_EXTENSION = octest;
			};
			name = Debug;
		};
		38CD65551449163700B33631 /* Release */ = {
			isa = XCBuildConfiguration;
			buildSettings = {
				BUNDLE_LOADER = "$(BUILT_PRODUCTS_DIR)/eo-mobile-iphone.app/eo-mobile-iphone";
				FRAMEWORK_SEARCH_PATHS = (
					"$(SDKROOT)/Developer/Library/Frameworks",
					"$(DEVELOPER_LIBRARY_DIR)/Frameworks",
				);
				GCC_PRECOMPILE_PREFIX_HEADER = YES;
				GCC_PREFIX_HEADER = "eo-mobile-iphone/eo-mobile-iphone-Prefix.pch";
				INFOPLIST_FILE = "eo-mobile-iphoneTests/eo-mobile-iphoneTests-Info.plist";
				PRODUCT_NAME = "$(TARGET_NAME)";
				TEST_HOST = "$(BUNDLE_LOADER)";
				WRAPPER_EXTENSION = octest;
			};
			name = Release;
		};
/* End XCBuildConfiguration section */

/* Begin XCConfigurationList section */
		38CD65121449163600B33631 /* Build configuration list for PBXProject "eo-mobile-iphone" */ = {
			isa = XCConfigurationList;
			buildConfigurations = (
				38CD654E1449163700B33631 /* Debug */,
				38CD654F1449163700B33631 /* Release */,
			);
			defaultConfigurationIsVisible = 0;
			defaultConfigurationName = Release;
		};
		38CD65501449163700B33631 /* Build configuration list for PBXNativeTarget "eo-mobile-iphone" */ = {
			isa = XCConfigurationList;
			buildConfigurations = (
				38CD65511449163700B33631 /* Debug */,
				38CD65521449163700B33631 /* Release */,
			);
			defaultConfigurationIsVisible = 0;
			defaultConfigurationName = Release;
		};
		38CD65531449163700B33631 /* Build configuration list for PBXNativeTarget "eo-mobile-iphoneTests" */ = {
			isa = XCConfigurationList;
			buildConfigurations = (
				38CD65541449163700B33631 /* Debug */,
				38CD65551449163700B33631 /* Release */,
			);
			defaultConfigurationIsVisible = 0;
			defaultConfigurationName = Release;
		};
/* End XCConfigurationList section */
	};
	rootObject = 38CD650F1449163600B33631 /* Project object */;
}
